
Microsoft Visual Studio Solution File, Format Version 12.00
# Visual Studio Version 17
VisualStudioVersion = 17.7.34221.43
MinimumVisualStudioVersion = 10.0.40219.1
Project("{FAE04EC0-301F-11D3-BF4B-00C04F79EFBC}") = "TriviaClient", "TriviaClient.csproj", "{F31E6D06-D0F1-42AD-8D07-5C847FECEAAE}"
EndProject
Global
	GlobalSection(SolutionConfigurationPlatforms) = preSolution
		Debug|Any CPU = Debug|Any CPU
		Release|Any CPU = Release|Any CPU
	EndGlobalSection
	GlobalSection(ProjectConfigurationPlatforms) = postSolution
		{F31E6D06-D0F1-42AD-8D07-5C847FECEAAE}.Debug|Any CPU.ActiveCfg = Debug|Any CPU
		{F31E6D06-D0F1-42AD-8D07-5C847FECEAAE}.Debug|Any CPU.Build.0 = Debug|Any CPU
		{F31E6D06-D0F1-42AD-8D07-5C847FECEAAE}.Release|Any CPU.ActiveCfg = Release|Any CPU
		{F31E6D06-D0F1-42AD-8D07-5C847FECEAAE}.Release|Any CPU.Build.0 = Release|Any CPU
	EndGlobalSection
	GlobalSection(SolutionProperties) = preSolution
		HideSolutionNode = FALSE
	EndGlobalSection
	GlobalSection(ExtensibilityGlobals) = postSolution
		SolutionGuid = {10E65C87-1112-460E-81F3-9AC7649CFDA1}
	EndGlobalSection
EndGlobal
